// !$*UTF8*$!
{
	archiveVersion = 1;
	classes = {
	};
	objectVersion = 46;
	objects = {

/* Begin PBXBuildFile section */
		6DF5B1561C99ACD6006FD947 /* main.m in Sources */ = {isa = PBXBuildFile; fileRef = 6DF5B1551C99ACD6006FD947 /* main.m */; };
		6DF5B1591C99ACD6006FD947 /* AppDelegate.m in Sources */ = {isa = PBXBuildFile; fileRef = 6DF5B1581C99ACD6006FD947 /* AppDelegate.m */; };
		6DF5B15C1C99ACD6006FD947 /* ViewController.m in Sources */ = {isa = PBXBuildFile; fileRef = 6DF5B15B1C99ACD6006FD947 /* ViewController.m */; };
		6DF5B15F1C99ACD6006FD947 /* Main.storyboard in Resources */ = {isa = PBXBuildFile; fileRef = 6DF5B15D1C99ACD6006FD947 /* Main.storyboard */; };
		6DF5B1611C99ACD6006FD947 /* Assets.xcassets in Resources */ = {isa = PBXBuildFile; fileRef = 6DF5B1601C99ACD6006FD947 /* Assets.xcassets */; };
		6DF5B1641C99ACD6006FD947 /* LaunchScreen.storyboard in Resources */ = {isa = PBXBuildFile; fileRef = 6DF5B1621C99ACD6006FD947 /* LaunchScreen.storyboard */; };
		6DF5B1701C99AEE8006FD947 /* FourCornerView.m in Sources */ = {isa = PBXBuildFile; fileRef = 6DF5B16D1C99AEE8006FD947 /* FourCornerView.m */; };
		6DF5B1711C99AEE8006FD947 /* ScannerController.m in Sources */ = {isa = PBXBuildFile; fileRef = 6DF5B16F1C99AEE8006FD947 /* ScannerController.m */; };
/* End PBXBuildFile section */

/* Begin PBXFileReference section */
		6DF5B1511C99ACD6006FD947 /* ScanItem.app */ = {isa = PBXFileReference; explicitFileType = wrapper.application; includeInIndex = 0; path = ScanItem.app; sourceTree = BUILT_PRODUCTS_DIR; };
		6DF5B1551C99ACD6006FD947 /* main.m */ = {isa = PBXFileReference; lastKnownFileType = sourcecode.c.objc; path = main.m; sourceTree = "<group>"; };
		6DF5B1571C99ACD6006FD947 /* AppDelegate.h */ = {isa = PBXFileReference; lastKnownFileType = sourcecode.c.h; path = AppDelegate.h; sourceTree = "<group>"; };
		6DF5B1581C99ACD6006FD947 /* AppDelegate.m */ = {isa = PBXFileReference; lastKnownFileType = sourcecode.c.objc; path = AppDelegate.m; sourceTree = "<group>"; };
		6DF5B15A1C99ACD6006FD947 /* ViewController.h */ = {isa = PBXFileReference; lastKnownFileType = sourcecode.c.h; path = ViewController.h; sourceTree = "<group>"; };
		6DF5B15B1C99ACD6006FD947 /* ViewController.m */ = {isa = PBXFileReference; lastKnownFileType = sourcecode.c.objc; path = ViewController.m; sourceTree = "<group>"; };
		6DF5B15E1C99ACD6006FD947 /* Base */ = {isa = PBXFileReference; lastKnownFileType = file.storyboard; name = Base; path = Base.lproj/Main.storyboard; sourceTree = "<group>"; };
		6DF5B1601C99ACD6006FD947 /* Assets.xcassets */ = {isa = PBXFileReference; lastKnownFileType = folder.assetcatalog; path = Assets.xcassets; sourceTree = "<group>"; };
		6DF5B1631C99ACD6006FD947 /* Base */ = {isa = PBXFileReference; lastKnownFileType = file.storyboard; name = Base; path = Base.lproj/LaunchScreen.storyboard; sourceTree = "<group>"; };
		6DF5B1651C99ACD6006FD947 /* Info.plist */ = {isa = PBXFileReference; lastKnownFileType = text.plist.xml; path = Info.plist; sourceTree = "<group>"; };
		6DF5B16C1C99AEE8006FD947 /* FourCornerView.h */ = {isa = PBXFileReference; fileEncoding = 4; lastKnownFileType = sourcecode.c.h; path = FourCornerView.h; sourceTree = "<group>"; };
		6DF5B16D1C99AEE8006FD947 /* FourCornerView.m */ = {isa = PBXFileReference; fileEncoding = 4; lastKnownFileType = sourcecode.c.objc; path = FourCornerView.m; sourceTree = "<group>"; };
		6DF5B16E1C99AEE8006FD947 /* ScannerController.h */ = {isa = PBXFileReference; fileEncoding = 4; lastKnownFileType = sourcecode.c.h; path = ScannerController.h; sourceTree = "<group>"; };
		6DF5B16F1C99AEE8006FD947 /* ScannerController.m */ = {isa = PBXFileReference; fileEncoding = 4; lastKnownFileType = sourcecode.c.objc; path = ScannerController.m; sourceTree = "<group>"; };
/* End PBXFileReference section */

/* Begin PBXFrameworksBuildPhase section */
		6DF5B14E1C99ACD6006FD947 /* Frameworks */ = {
			isa = PBXFrameworksBuildPhase;
			buildActionMask = 2147483647;
			files = (
			);
			runOnlyForDeploymentPostprocessing = 0;
		};
/* End PBXFrameworksBuildPhase section */

/* Begin PBXGroup section */
		6DF5B1481C99ACD6006FD947 = {
			isa = PBXGroup;
			children = (
				6DF5B1531C99ACD6006FD947 /* ScanItem */,
				6DF5B1521C99ACD6006FD947 /* Products */,
			);
			sourceTree = "<group>";
		};
		6DF5B1521C99ACD6006FD947 /* Products */ = {
			isa = PBXGroup;
			children = (
				6DF5B1511C99ACD6006FD947 /* ScanItem.app */,
			);
			name = Products;
			sourceTree = "<group>";
		};
		6DF5B1531C99ACD6006FD947 /* ScanItem */ = {
			isa = PBXGroup;
			children = (
				6DF5B16B1C99AEE8006FD947 /* Scan */,
				6DF5B1571C99ACD6006FD947 /* AppDelegate.h */,
				6DF5B1581C99ACD6006FD947 /* AppDelegate.m */,
				6DF5B15A1C99ACD6006FD947 /* ViewController.h */,
				6DF5B15B1C99ACD6006FD947 /* ViewController.m */,
				6DF5B15D1C99ACD6006FD947 /* Main.storyboard */,
				6DF5B1601C99ACD6006FD947 /* Assets.xcassets */,
				6DF5B1621C99ACD6006FD947 /* LaunchScreen.storyboard */,
				6DF5B1651C99ACD6006FD947 /* Info.plist */,
				6DF5B1541C99ACD6006FD947 /* Supporting Files */,
			);
			path = ScanItem;
			sourceTree = "<group>";
		};
		6DF5B1541C99ACD6006FD947 /* Supporting Files */ = {
			isa = PBXGroup;
			children = (
				6DF5B1551C99ACD6006FD947 /* main.m */,
			);
			name = "Supporting Files";
			sourceTree = "<group>";
		};
		6DF5B16B1C99AEE8006FD947 /* Scan */ = {
			isa = PBXGroup;
			children = (
				6DF5B16C1C99AEE8006FD947 /* FourCornerView.h */,
				6DF5B16D1C99AEE8006FD947 /* FourCornerView.m */,
				6DF5B16E1C99AEE8006FD947 /* ScannerController.h */,
				6DF5B16F1C99AEE8006FD947 /* ScannerController.m */,
			);
			path = Scan;
			sourceTree = "<group>";
		};
/* End PBXGroup section */

/* Begin PBXNativeTarget section */
		6DF5B1501C99ACD6006FD947 /* ScanItem */ = {
			isa = PBXNativeTarget;
			buildConfigurationList = 6DF5B1681C99ACD6006FD947 /* Build configuration list for PBXNativeTarget "ScanItem" */;
			buildPhases = (
				6DF5B14D1C99ACD6006FD947 /* Sources */,
				6DF5B14E1C99ACD6006FD947 /* Frameworks */,
				6DF5B14F1C99ACD6006FD947 /* Resources */,
			);
			buildRules = (
			);
			dependencies = (
			);
			name = ScanItem;
			productName = ScanItem;
			productReference = 6DF5B1511C99ACD6006FD947 /* ScanItem.app */;
			productType = "com.apple.product-type.application";
		};
/* End PBXNativeTarget section */

/* Begin PBXProject section */
		6DF5B1491C99ACD6006FD947 /* Project object */ = {
			isa = PBXProject;
			attributes = {
				LastUpgradeCheck = 0720;
				ORGANIZATIONNAME = "zhang min";
				TargetAttributes = {
					6DF5B1501C99ACD6006FD947 = {
						CreatedOnToolsVersion = 7.2;
					};
				};
			};
			buildConfigurationList = 6DF5B14C1C99ACD6006FD947 /* Build configuration list for PBXProject "ScanItem" */;
			compatibilityVersion = "Xcode 3.2";
			developmentRegion = English;
			hasScannedForEncodings = 0;
			knownRegions = (
				en,
				Base,
			);
			mainGroup = 6DF5B1481C99ACD6006FD947;
			productRefGroup = 6DF5B1521C99ACD6006FD947 /* Products */;
			projectDirPath = "";
			projectRoot = "";
			targets = (
				6DF5B1501C99ACD6006FD947 /* ScanItem */,
			);
		};
/* End PBXProject section */

/* Begin PBXResourcesBuildPhase section */
		6DF5B14F1C99ACD6006FD947 /* Resources */ = {
			isa = PBXResourcesBuildPhase;
			buildActionMask = 2147483647;
			files = (
				6DF5B1641C99ACD6006FD947 /* LaunchScreen.storyboard in Resources */,
				6DF5B1611C99ACD6006FD947 /* Assets.xcassets in Resources */,
				6DF5B15F1C99ACD6006FD947 /* Main.storyboard in Resources */,
			);
			runOnlyForDeploymentPostprocessing = 0;
		};
/* End PBXResourcesBuildPhase section */

/* Begin PBXSourcesBuildPhase section */
		6DF5B14D1C99ACD6006FD947 /* Sources */ = {
			isa = PBXSourcesBuildPhase;
			buildActionMask = 2147483647;
			files = (
				6DF5B15C1C99ACD6006FD947 /* ViewController.m in Sources */,
				6DF5B1591C99ACD6006FD947 /* AppDelegate.m in Sources */,
				6DF5B1711C99AEE8006FD947 /* ScannerController.m in Sources */,
				6DF5B1561C99ACD6006FD947 /* main.m in Sources */,
				6DF5B1701C99AEE8006FD947 /* FourCornerView.m in Sources */,
			);
			runOnlyForDeploymentPostprocessing = 0;
		};
/* End PBXSourcesBuildPhase section */

/* Begin PBXVariantGroup section */
		6DF5B15D1C99ACD6006FD947 /* Main.storyboard */ = {
			isa = PBXVariantGroup;
			children = (
				6DF5B15E1C99ACD6006FD947 /* Base */,
			);
			name = Main.storyboard;
			sourceTree = "<group>";
		};
		6DF5B1621C99ACD6006FD947 /* LaunchScreen.storyboard */ = {
			isa = PBXVariantGroup;
			children = (
				6DF5B1631C99ACD6006FD947 /* Base */,
			);
			name = LaunchScreen.storyboard;
			sourceTree = "<group>";
		};
/* End PBXVariantGroup section */

/* Begin XCBuildConfiguration section */
		6DF5B1661C99ACD6006FD947 /* Debug */ = {
			isa = XCBuildConfiguration;
			buildSettings = {
				ALWAYS_SEARCH_USER_PATHS = NO;
				CLANG_CXX_LANGUAGE_STANDARD = "gnu++0x";
				CLANG_CXX_LIBRARY = "libc++";
				CLANG_ENABLE_MODULES = YES;
				CLANG_ENABLE_OBJC_ARC = YES;
				CLANG_WARN_BOOL_CONVERSION = YES;
				CLANG_WARN_CONSTANT_CONVERSION = YES;
				CLANG_WARN_DIRECT_OBJC_ISA_USAGE = YES_ERROR;
				CLANG_WARN_EMPTY_BODY = YES;
				CLANG_WARN_ENUM_CONVERSION = YES;
				CLANG_WARN_INT_CONVERSION = YES;
				CLANG_WARN_OBJC_ROOT_CLASS = YES_ERROR;
				CLANG_WARN_UNREACHABLE_CODE = YES;
				CLANG_WARN__DUPLICATE_METHOD_MATCH = YES;
				"CODE_SIGN_IDENTITY[sdk=iphoneos*]" = "iPhone Developer";
				COPY_PHASE_STRIP = NO;
				DEBUG_INFORMATION_FORMAT = dwarf;
				ENABLE_STRICT_OBJC_MSGSEND = YES;
				ENABLE_TESTABILITY = YES;
				GCC_C_LANGUAGE_STANDARD = gnu99;
				GCC_DYNAMIC_NO_PIC = NO;
				GCC_NO_COMMON_BLOCKS = YES;
				GCC_OPTIMIZATION_LEVEL = 0;
				GCC_PREPROCESSOR_DEFINITIONS = (
					"DEBUG=1",
					"$(inherited)",
				);
				GCC_WARN_64_TO_32_BIT_CONVERSION = YES;
				GCC_WARN_ABOUT_RETURN_TYPE = YES_ERROR;
				GCC_WARN_UNDECLARED_SELECTOR = YES;
				GCC_WARN_UNINITIALIZED_AUTOS = YES_AGGRESSIVE;
				GCC_WARN_UNUSED_FUNCTION = YES;
				GCC_WARN_UNUSED_VARIABLE = YES;
				IPHONEOS_DEPLOYMENT_TARGET = 9.2;
				MTL_ENABLE_DEBUG_INFO = YES;
				ONLY_ACTIVE_ARCH = YES;
				SDKROOT = iphoneos;
			};
			name = Debug;
		};
		6DF5B1671C99ACD6006FD947 /* Release */ = {
			isa = XCBuildConfiguration;
			buildSettings = {
				ALWAYS_SEARCH_USER_PATHS = NO;
				CLANG_CXX_LANGUAGE_STANDARD = "gnu++0x";
				CLANG_CXX_LIBRARY = "libc++";
				CLANG_ENABLE_MODULES = YES;
				CLANG_ENABLE_OBJC_ARC = YES;
				CLANG_WARN_BOOL_CONVERSION = YES;
				CLANG_WARN_CONSTANT_CONVERSION = YES;
				CLANG_WARN_DIRECT_OBJC_ISA_USAGE = YES_ERROR;
				CLANG_WARN_EMPTY_BODY = YES;
				CLANG_WARN_ENUM_CONVERSION = YES;
				CLANG_WARN_INT_CONVERSION = YES;
				CLANG_WARN_OBJC_ROOT_CLASS = YES_ERROR;
				CLANG_WARN_UNREACHABLE_CODE = YES;
				CLANG_WARN__DUPLICATE_METHOD_MATCH = YES;
				"CODE_SIGN_IDENTITY[sdk=iphoneos*]" = "iPhone Developer";
				COPY_PHASE_STRIP = NO;
				DEBUG_INFORMATION_FORMAT = "dwarf-with-dsym";
				ENABLE_NS_ASSERTIONS = NO;
				ENABLE_STRICT_OBJC_MSGSEND = YES;
				GCC_C_LANGUAGE_STANDARD = gnu99;
				GCC_NO_COMMON_BLOCKS = YES;
				GCC_WARN_64_TO_32_BIT_CONVERSION = YES;
				GCC_WARN_ABOUT_RETURN_TYPE = YES_ERROR;
				GCC_WARN_UNDECLARED_SELECTOR = YES;
				GCC_WARN_UNINITIALIZED_AUTOS = YES_AGGRESSIVE;
				GCC_WARN_UNUSED_FUNCTION = YES;
				GCC_WARN_UNUSED_VARIABLE = YES;
				IPHONEOS_DEPLOYMENT_TARGET = 9.2;
				MTL_ENABLE_DEBUG_INFO = NO;
				SDKROOT = iphoneos;
				VALIDATE_PRODUCT = YES;
			};
			name = Release;
		};
		6DF5B1691C99ACD6006FD947 /* Debug */ = {
			isa = XCBuildConfiguration;
			buildSettings = {
				ASSETCATALOG_COMPILER_APPICON_NAME = AppIcon;
				INFOPLIST_FILE = ScanItem/Info.plist;
				LD_RUNPATH_SEARCH_PATHS = "$(inherited) @executable_path/Frameworks";
				PRODUCT_BUNDLE_IDENTIFIER = com.zhang.ScanItem;
				PRODUCT_NAME = "$(TARGET_NAME)";
			};
			name = Debug;
		};
		6DF5B16A1C99ACD6006FD947 /* Release */ = {
			isa = XCBuildConfiguration;
			buildSettings = {
				ASSETCATALOG_COMPILER_APPICON_NAME = AppIcon;
				INFOPLIST_FILE = ScanItem/Info.plist;
				LD_RUNPATH_SEARCH_PATHS = "$(inherited) @executable_path/Frameworks";
				PRODUCT_BUNDLE_IDENTIFIER = com.zhang.ScanItem;
				PRODUCT_NAME = "$(TARGET_NAME)";
			};
			name = Release;
		};
/* End XCBuildConfiguration section */

/* Begin XCConfigurationList section */
		6DF5B14C1C99ACD6006FD947 /* Build configuration list for PBXProject "ScanItem" */ = {
			isa = XCConfigurationList;
			buildConfigurations = (
				6DF5B1661C99ACD6006FD947 /* Debug */,
				6DF5B1671C99ACD6006FD947 /* Release */,
			);
			defaultConfigurationIsVisible = 0;
			defaultConfigurationName = Release;
		};
		6DF5B1681C99ACD6006FD947 /* Build configuration list for PBXNativeTarget "ScanItem" */ = {
			isa = XCConfigurationList;
			buildConfigurations = (
				6DF5B1691C99ACD6006FD947 /* Debug */,
				6DF5B16A1C99ACD6006FD947 /* Release */,
			);
			defaultConfigurationIsVisible = 0;
		};
/* End XCConfigurationList section */
	};
	rootObject = 6DF5B1491C99ACD6006FD947 /* Project object */;
}
